{
  "name": "@sentiolabs/pi-arc",
  "version": "0.8.0",
  "lockfileVersion": 3,
  "requires": true,
  "packages": {
    "": {
      "name": "@sentiolabs/pi-arc",
      "version": "0.8.0",
      "bundleDependencies": [
        "@juicesharp/rpiv-todo",
        "@juicesharp/rpiv-ask-user-question",
        "pi-subagents"
      ],
      "license": "MIT",
      "dependencies": {
        "@juicesharp/rpiv-ask-user-question": "^1.0.14",
        "@juicesharp/rpiv-todo": "^0.12.5",
        "pi-subagents": "^0.23.0"
      },
      "engines": {
        "node": ">=20.6.0"
      },
      "peerDependencies": {
        "@mariozechner/pi-ai": "*",
        "@mariozechner/pi-coding-agent": "*",
        "@mariozechner/pi-tui": "*",
        "typebox": "*"
      },
      "peerDependenciesMeta": {
        "@mariozechner/pi-ai": {
          "optional": true
        },
        "@mariozechner/pi-coding-agent": {
          "optional": true
        },
        "@mariozechner/pi-tui": {
          "optional": true
        },
        "typebox": {
          "optional": true
        }
      }
    },
    "node_modules/@juicesharp/rpiv-ask-user-question": {
      "version": "1.0.14",
      "resolved": "https://registry.npmjs.org/@juicesharp/rpiv-ask-user-question/-/rpiv-ask-user-question-1.0.14.tgz",
      "integrity": "sha512-aj3rmCQ+JPTAtpcMQmsNGi//CywTjGHIbGzC9PxRLXC9FUJP1+sgIc1Gad1zCGtre3Wr+GP7mvQZ5So2SfDBIA==",
      "inBundle": true,
      "license": "MIT",
      "peerDependencies": {
        "@mariozechner/pi-coding-agent": "*",
        "@mariozechner/pi-tui": "*",
        "typebox": "*"
      }
    },
    "node_modules/@juicesharp/rpiv-todo": {
      "version": "0.12.7",
      "resolved": "https://registry.npmjs.org/@juicesharp/rpiv-todo/-/rpiv-todo-0.12.7.tgz",
      "integrity": "sha512-7hN+sudPsny1A7X+bNj0hhA0Lwitvl7M3J5tB7cBL7smw2Ro8De5cDCdb9rlk27RDHqxSqzuXHuVQto6RqsrPQ==",
      "inBundle": true,
      "license": "MIT",
      "peerDependencies": {
        "@mariozechner/pi-ai": "*",
        "@mariozechner/pi-coding-agent": "*",
        "@mariozechner/pi-tui": "*",
        "@sinclair/typebox": "*"
      }
    },
    "node_modules/pi-subagents": {
      "version": "0.23.0",
      "resolved": "https://registry.npmjs.org/pi-subagents/-/pi-subagents-0.23.0.tgz",
      "integrity": "sha512-f1m7+gRBgEVJcfNMe9gD1GFjYZWchn3nKZkPkYtTSwLI3Y6eOUqPdQM6Hry4dA/gTyWXsUVFv29Gw9JZsfh3mA==",
      "inBundle": true,
      "license": "MIT",
      "dependencies": {
        "typebox": "^1.1.24"
      },
      "bin": {
        "pi-subagents": "install.mjs"
      },
      "peerDependencies": {
        "@mariozechner/pi-agent-core": "*",
        "@mariozechner/pi-ai": "*",
        "@mariozechner/pi-coding-agent": "*",
        "@mariozechner/pi-tui": "*"
      },
      "peerDependenciesMeta": {
        "@mariozechner/pi-agent-core": {
          "optional": true
        },
        "@mariozechner/pi-ai": {
          "optional": true
        },
        "@mariozechner/pi-coding-agent": {
          "optional": true
        },
        "@mariozechner/pi-tui": {
          "optional": true
        }
      }
    },
    "node_modules/typebox": {
      "version": "1.1.37",
      "resolved": "https://registry.npmjs.org/typebox/-/typebox-1.1.37.tgz",
      "integrity": "sha512-jb7jp6KvOvvy5sd+11AfJ0/e0F0AS9RcOXd55oGi2ZnRHIGmFvrTaNF+ZidRmGBmmNTkM5KKl0Z37KzxJ+owEQ==",
      "inBundle": true,
      "license": "MIT"
    }
  }
}
