{
  "name": "@sentiolabs/pi-arc",
  "version": "0.3.1",
  "lockfileVersion": 3,
  "requires": true,
  "packages": {
    "": {
      "name": "@sentiolabs/pi-arc",
      "version": "0.3.1",
      "bundleDependencies": [
        "@juicesharp/rpiv-todo"
      ],
      "license": "MIT",
      "dependencies": {
        "@juicesharp/rpiv-todo": "^0.12.5"
      },
      "engines": {
        "node": ">=20.6.0"
      },
      "peerDependencies": {
        "@mariozechner/pi-ai": "*",
        "@mariozechner/pi-coding-agent": "*",
        "@mariozechner/pi-tui": "*",
        "typebox": "*"
      },
      "peerDependenciesMeta": {
        "@mariozechner/pi-ai": {
          "optional": true
        },
        "@mariozechner/pi-coding-agent": {
          "optional": true
        },
        "@mariozechner/pi-tui": {
          "optional": true
        },
        "typebox": {
          "optional": true
        }
      }
    },
    "node_modules/@juicesharp/rpiv-todo": {
      "version": "0.12.7",
      "resolved": "https://registry.npmjs.org/@juicesharp/rpiv-todo/-/rpiv-todo-0.12.7.tgz",
      "integrity": "sha512-7hN+sudPsny1A7X+bNj0hhA0Lwitvl7M3J5tB7cBL7smw2Ro8De5cDCdb9rlk27RDHqxSqzuXHuVQto6RqsrPQ==",
      "inBundle": true,
      "license": "MIT",
      "peerDependencies": {
        "@mariozechner/pi-ai": "*",
        "@mariozechner/pi-coding-agent": "*",
        "@mariozechner/pi-tui": "*",
        "@sinclair/typebox": "*"
      }
    }
  }
}
